{
  "requires": true,
  "lockfileVersion": 1,
  "dependencies": {
    "ascii-histogram": {
      "version": "1.2.1",
      "resolved": "https://registry.npmjs.org/ascii-histogram/-/ascii-histogram-1.2.1.tgz",
      "integrity": "sha1-vs6HNp9rvSSc8ztNpyclUS5b7cU=",
      "requires": {
        "printf": "~0.1.2"
      }
    },
    "printf": {
      "version": "0.1.3",
      "resolved": "https://registry.npmjs.org/printf/-/printf-0.1.3.tgz",
      "integrity": "sha1-J+k1uuT1XbH9wYNoaJ6VYc5VEiY="
    }
  }
}
